
Microsoft Visual Studio Solution File, Format Version 12.00
# Visual Studio Version 16
VisualStudioVersion = 16.0.31112.23
MinimumVisualStudioVersion = 10.0.40219.1
Project("{FAE04EC0-301F-11D3-BF4B-00C04F79EFBC}") = "ProyectoRedis", "ProyectoRedis\ProyectoRedis.csproj", "{E57590E5-1675-4330-A312-8A68765A32B1}"
EndProject
Global
	GlobalSection(SolutionConfigurationPlatforms) = preSolution
		Debug|Any CPU = Debug|Any CPU
		Release|Any CPU = Release|Any CPU
	EndGlobalSection
	GlobalSection(ProjectConfigurationPlatforms) = postSolution
		{E57590E5-1675-4330-A312-8A68765A32B1}.Debug|Any CPU.ActiveCfg = Debug|Any CPU
		{E57590E5-1675-4330-A312-8A68765A32B1}.Debug|Any CPU.Build.0 = Debug|Any CPU
		{E57590E5-1675-4330-A312-8A68765A32B1}.Release|Any CPU.ActiveCfg = Release|Any CPU
		{E57590E5-1675-4330-A312-8A68765A32B1}.Release|Any CPU.Build.0 = Release|Any CPU
	EndGlobalSection
	GlobalSection(SolutionProperties) = preSolution
		HideSolutionNode = FALSE
	EndGlobalSection
	GlobalSection(ExtensibilityGlobals) = postSolution
		SolutionGuid = {A9300CA6-704E-4A7B-9683-0144840E8DED}
	EndGlobalSection
EndGlobal
